// !$*UTF8*$!
{
	archiveVersion = 1;
	classes = {
	};
	objectVersion = 46;
	objects = {

/* Begin PBXBuildFile section */
		6B8E5F121E48CEFF00491A65 /* AppDelegate.swift in Sources */ = {isa = PBXBuildFile; fileRef = 6B8E5F111E48CEFF00491A65 /* AppDelegate.swift */; };
		6B8E5F141E48CEFF00491A65 /* ViewController.swift in Sources */ = {isa = PBXBuildFile; fileRef = 6B8E5F131E48CEFF00491A65 /* ViewController.swift */; };
		6B8E5F171E48CEFF00491A65 /* Main.storyboard in Resources */ = {isa = PBXBuildFile; fileRef = 6B8E5F151E48CEFF00491A65 /* Main.storyboard */; };
		6B8E5F191E48CEFF00491A65 /* Assets.xcassets in Resources */ = {isa = PBXBuildFile; fileRef = 6B8E5F181E48CEFF00491A65 /* Assets.xcassets */; };
		6B8E5F1C1E48CEFF00491A65 /* LaunchScreen.storyboard in Resources */ = {isa = PBXBuildFile; fileRef = 6B8E5F1A1E48CEFF00491A65 /* LaunchScreen.storyboard */; };
		734DADCEDB8BC01C923796A7 /* Pods_TextReader.framework in Frameworks */ = {isa = PBXBuildFile; fileRef = D2AA9411C86EB9F72FB45552 /* Pods_TextReader.framework */; };
/* End PBXBuildFile section */

/* Begin PBXFileReference section */
		584D56E32945620BB3FB5DC0 /* Pods-TextReader.release.xcconfig */ = {isa = PBXFileReference; includeInIndex = 1; lastKnownFileType = text.xcconfig; name = "Pods-TextReader.release.xcconfig"; path = "Pods/Target Support Files/Pods-TextReader/Pods-TextReader.release.xcconfig"; sourceTree = "<group>"; };
		6B8E5F0E1E48CEFF00491A65 /* TextReader.app */ = {isa = PBXFileReference; explicitFileType = wrapper.application; includeInIndex = 0; path = TextReader.app; sourceTree = BUILT_PRODUCTS_DIR; };
		6B8E5F111E48CEFF00491A65 /* AppDelegate.swift */ = {isa = PBXFileReference; lastKnownFileType = sourcecode.swift; path = AppDelegate.swift; sourceTree = "<group>"; };
		6B8E5F131E48CEFF00491A65 /* ViewController.swift */ = {isa = PBXFileReference; lastKnownFileType = sourcecode.swift; path = ViewController.swift; sourceTree = "<group>"; };
		6B8E5F161E48CEFF00491A65 /* Base */ = {isa = PBXFileReference; lastKnownFileType = file.storyboard; name = Base; path = Base.lproj/Main.storyboard; sourceTree = "<group>"; };
		6B8E5F181E48CEFF00491A65 /* Assets.xcassets */ = {isa = PBXFileReference; lastKnownFileType = folder.assetcatalog; path = Assets.xcassets; sourceTree = "<group>"; };
		6B8E5F1B1E48CEFF00491A65 /* Base */ = {isa = PBXFileReference; lastKnownFileType = file.storyboard; name = Base; path = Base.lproj/LaunchScreen.storyboard; sourceTree = "<group>"; };
		6B8E5F1D1E48CEFF00491A65 /* Info.plist */ = {isa = PBXFileReference; lastKnownFileType = text.plist.xml; path = Info.plist; sourceTree = "<group>"; };
		7866AE50CB8720D5A809B51D /* Pods-TextReader.debug.xcconfig */ = {isa = PBXFileReference; includeInIndex = 1; lastKnownFileType = text.xcconfig; name = "Pods-TextReader.debug.xcconfig"; path = "Pods/Target Support Files/Pods-TextReader/Pods-TextReader.debug.xcconfig"; sourceTree = "<group>"; };
		D2AA9411C86EB9F72FB45552 /* Pods_TextReader.framework */ = {isa = PBXFileReference; explicitFileType = wrapper.framework; includeInIndex = 0; path = Pods_TextReader.framework; sourceTree = BUILT_PRODUCTS_DIR; };
/* End PBXFileReference section */

/* Begin PBXFrameworksBuildPhase section */
		6B8E5F0B1E48CEFF00491A65 /* Frameworks */ = {
			isa = PBXFrameworksBuildPhase;
			buildActionMask = 2147483647;
			files = (
				734DADCEDB8BC01C923796A7 /* Pods_TextReader.framework in Frameworks */,
			);
			runOnlyForDeploymentPostprocessing = 0;
		};
/* End PBXFrameworksBuildPhase section */

/* Begin PBXGroup section */
		0E7E19D1B3B7981946F65F10 /* Pods */ = {
			isa = PBXGroup;
			children = (
				7866AE50CB8720D5A809B51D /* Pods-TextReader.debug.xcconfig */,
				584D56E32945620BB3FB5DC0 /* Pods-TextReader.release.xcconfig */,
			);
			name = Pods;
			sourceTree = "<group>";
		};
		16FDF4BE05A4FF1B40B6B2FD /* Frameworks */ = {
			isa = PBXGroup;
			children = (
				D2AA9411C86EB9F72FB45552 /* Pods_TextReader.framework */,
			);
			name = Frameworks;
			sourceTree = "<group>";
		};
		6B8E5F051E48CEFF00491A65 = {
			isa = PBXGroup;
			children = (
				6B8E5F101E48CEFF00491A65 /* TextReader */,
				6B8E5F0F1E48CEFF00491A65 /* Products */,
				0E7E19D1B3B7981946F65F10 /* Pods */,
				16FDF4BE05A4FF1B40B6B2FD /* Frameworks */,
			);
			sourceTree = "<group>";
		};
		6B8E5F0F1E48CEFF00491A65 /* Products */ = {
			isa = PBXGroup;
			children = (
				6B8E5F0E1E48CEFF00491A65 /* TextReader.app */,
			);
			name = Products;
			sourceTree = "<group>";
		};
		6B8E5F101E48CEFF00491A65 /* TextReader */ = {
			isa = PBXGroup;
			children = (
				6B8E5F111E48CEFF00491A65 /* AppDelegate.swift */,
				6B8E5F131E48CEFF00491A65 /* ViewController.swift */,
				6B8E5F151E48CEFF00491A65 /* Main.storyboard */,
				6B8E5F181E48CEFF00491A65 /* Assets.xcassets */,
				6B8E5F1A1E48CEFF00491A65 /* LaunchScreen.storyboard */,
				6B8E5F1D1E48CEFF00491A65 /* Info.plist */,
			);
			path = TextReader;
			sourceTree = "<group>";
		};
/* End PBXGroup section */

/* Begin PBXNativeTarget section */
		6B8E5F0D1E48CEFF00491A65 /* TextReader */ = {
			isa = PBXNativeTarget;
			buildConfigurationList = 6B8E5F201E48CEFF00491A65 /* Build configuration list for PBXNativeTarget "TextReader" */;
			buildPhases = (
				34E268D862C23A2A83298953 /* [CP] Check Pods Manifest.lock */,
				6B8E5F0A1E48CEFF00491A65 /* Sources */,
				6B8E5F0B1E48CEFF00491A65 /* Frameworks */,
				6B8E5F0C1E48CEFF00491A65 /* Resources */,
				E224A8CF8195FF483C4BEF64 /* [CP] Embed Pods Frameworks */,
				270015AFC943AD80411684C2 /* [CP] Copy Pods Resources */,
			);
			buildRules = (
			);
			dependencies = (
			);
			name = TextReader;
			productName = TextReader;
			productReference = 6B8E5F0E1E48CEFF00491A65 /* TextReader.app */;
			productType = "com.apple.product-type.application";
		};
/* End PBXNativeTarget section */

/* Begin PBXProject section */
		6B8E5F061E48CEFF00491A65 /* Project object */ = {
			isa = PBXProject;
			attributes = {
				LastSwiftUpdateCheck = 0820;
				LastUpgradeCheck = 0820;
				ORGANIZATIONNAME = "Cristina De Rito";
				TargetAttributes = {
					6B8E5F0D1E48CEFF00491A65 = {
						CreatedOnToolsVersion = 8.2.1;
						ProvisioningStyle = Automatic;
					};
				};
			};
			buildConfigurationList = 6B8E5F091E48CEFF00491A65 /* Build configuration list for PBXProject "TextReader" */;
			compatibilityVersion = "Xcode 3.2";
			developmentRegion = English;
			hasScannedForEncodings = 0;
			knownRegions = (
				en,
				Base,
			);
			mainGroup = 6B8E5F051E48CEFF00491A65;
			productRefGroup = 6B8E5F0F1E48CEFF00491A65 /* Products */;
			projectDirPath = "";
			projectRoot = "";
			targets = (
				6B8E5F0D1E48CEFF00491A65 /* TextReader */,
			);
		};
/* End PBXProject section */

/* Begin PBXResourcesBuildPhase section */
		6B8E5F0C1E48CEFF00491A65 /* Resources */ = {
			isa = PBXResourcesBuildPhase;
			buildActionMask = 2147483647;
			files = (
				6B8E5F1C1E48CEFF00491A65 /* LaunchScreen.storyboard in Resources */,
				6B8E5F191E48CEFF00491A65 /* Assets.xcassets in Resources */,
				6B8E5F171E48CEFF00491A65 /* Main.storyboard in Resources */,
			);
			runOnlyForDeploymentPostprocessing = 0;
		};
/* End PBXResourcesBuildPhase section */

/* Begin PBXShellScriptBuildPhase section */
		270015AFC943AD80411684C2 /* [CP] Copy Pods Resources */ = {
			isa = PBXShellScriptBuildPhase;
			buildActionMask = 2147483647;
			files = (
			);
			inputPaths = (
			);
			name = "[CP] Copy Pods Resources";
			outputPaths = (
			);
			runOnlyForDeploymentPostprocessing = 0;
			shellPath = /bin/sh;
			shellScript = "\"${SRCROOT}/Pods/Target Support Files/Pods-TextReader/Pods-TextReader-resources.sh\"\n";
			showEnvVarsInLog = 0;
		};
		34E268D862C23A2A83298953 /* [CP] Check Pods Manifest.lock */ = {
			isa = PBXShellScriptBuildPhase;
			buildActionMask = 2147483647;
			files = (
			);
			inputPaths = (
			);
			name = "[CP] Check Pods Manifest.lock";
			outputPaths = (
			);
			runOnlyForDeploymentPostprocessing = 0;
			shellPath = /bin/sh;
			shellScript = "diff \"${PODS_ROOT}/../Podfile.lock\" \"${PODS_ROOT}/Manifest.lock\" > /dev/null\nif [ $? != 0 ] ; then\n    # print error to STDERR\n    echo \"error: The sandbox is not in sync with the Podfile.lock. Run 'pod install' or update your CocoaPods installation.\" >&2\n    exit 1\nfi\n";
			showEnvVarsInLog = 0;
		};
		E224A8CF8195FF483C4BEF64 /* [CP] Embed Pods Frameworks */ = {
			isa = PBXShellScriptBuildPhase;
			buildActionMask = 2147483647;
			files = (
			);
			inputPaths = (
			);
			name = "[CP] Embed Pods Frameworks";
			outputPaths = (
			);
			runOnlyForDeploymentPostprocessing = 0;
			shellPath = /bin/sh;
			shellScript = "\"${SRCROOT}/Pods/Target Support Files/Pods-TextReader/Pods-TextReader-frameworks.sh\"\n";
			showEnvVarsInLog = 0;
		};
/* End PBXShellScriptBuildPhase section */

/* Begin PBXSourcesBuildPhase section */
		6B8E5F0A1E48CEFF00491A65 /* Sources */ = {
			isa = PBXSourcesBuildPhase;
			buildActionMask = 2147483647;
			files = (
				6B8E5F141E48CEFF00491A65 /* ViewController.swift in Sources */,
				6B8E5F121E48CEFF00491A65 /* AppDelegate.swift in Sources */,
			);
			runOnlyForDeploymentPostprocessing = 0;
		};
/* End PBXSourcesBuildPhase section */

/* Begin PBXVariantGroup section */
		6B8E5F151E48CEFF00491A65 /* Main.storyboard */ = {
			isa = PBXVariantGroup;
			children = (
				6B8E5F161E48CEFF00491A65 /* Base */,
			);
			name = Main.storyboard;
			sourceTree = "<group>";
		};
		6B8E5F1A1E48CEFF00491A65 /* LaunchScreen.storyboard */ = {
			isa = PBXVariantGroup;
			children = (
				6B8E5F1B1E48CEFF00491A65 /* Base */,
			);
			name = LaunchScreen.storyboard;
			sourceTree = "<group>";
		};
/* End PBXVariantGroup section */

/* Begin XCBuildConfiguration section */
		6B8E5F1E1E48CEFF00491A65 /* Debug */ = {
			isa = XCBuildConfiguration;
			buildSettings = {
				ALWAYS_SEARCH_USER_PATHS = NO;
				CLANG_ANALYZER_NONNULL = YES;
				CLANG_CXX_LANGUAGE_STANDARD = "gnu++0x";
				CLANG_CXX_LIBRARY = "libc++";
				CLANG_ENABLE_MODULES = YES;
				CLANG_ENABLE_OBJC_ARC = YES;
				CLANG_WARN_BOOL_CONVERSION = YES;
				CLANG_WARN_CONSTANT_CONVERSION = YES;
				CLANG_WARN_DIRECT_OBJC_ISA_USAGE = YES_ERROR;
				CLANG_WARN_DOCUMENTATION_COMMENTS = YES;
				CLANG_WARN_EMPTY_BODY = YES;
				CLANG_WARN_ENUM_CONVERSION = YES;
				CLANG_WARN_INFINITE_RECURSION = YES;
				CLANG_WARN_INT_CONVERSION = YES;
				CLANG_WARN_OBJC_ROOT_CLASS = YES_ERROR;
				CLANG_WARN_SUSPICIOUS_MOVE = YES;
				CLANG_WARN_UNREACHABLE_CODE = YES;
				CLANG_WARN__DUPLICATE_METHOD_MATCH = YES;
				"CODE_SIGN_IDENTITY[sdk=iphoneos*]" = "iPhone Developer";
				COPY_PHASE_STRIP = NO;
				DEBUG_INFORMATION_FORMAT = dwarf;
				ENABLE_STRICT_OBJC_MSGSEND = YES;
				ENABLE_TESTABILITY = YES;
				GCC_C_LANGUAGE_STANDARD = gnu99;
				GCC_DYNAMIC_NO_PIC = NO;
				GCC_NO_COMMON_BLOCKS = YES;
				GCC_OPTIMIZATION_LEVEL = 0;
				GCC_PREPROCESSOR_DEFINITIONS = (
					"DEBUG=1",
					"$(inherited)",
				);
				GCC_WARN_64_TO_32_BIT_CONVERSION = YES;
				GCC_WARN_ABOUT_RETURN_TYPE = YES_ERROR;
				GCC_WARN_UNDECLARED_SELECTOR = YES;
				GCC_WARN_UNINITIALIZED_AUTOS = YES_AGGRESSIVE;
				GCC_WARN_UNUSED_FUNCTION = YES;
				GCC_WARN_UNUSED_VARIABLE = YES;
				IPHONEOS_DEPLOYMENT_TARGET = 10.2;
				MTL_ENABLE_DEBUG_INFO = YES;
				ONLY_ACTIVE_ARCH = YES;
				SDKROOT = iphoneos;
				SWIFT_ACTIVE_COMPILATION_CONDITIONS = DEBUG;
				SWIFT_OPTIMIZATION_LEVEL = "-Onone";
				TARGETED_DEVICE_FAMILY = "1,2";
			};
			name = Debug;
		};
		6B8E5F1F1E48CEFF00491A65 /* Release */ = {
			isa = XCBuildConfiguration;
			buildSettings = {
				ALWAYS_SEARCH_USER_PATHS = NO;
				CLANG_ANALYZER_NONNULL = YES;
				CLANG_CXX_LANGUAGE_STANDARD = "gnu++0x";
				CLANG_CXX_LIBRARY = "libc++";
				CLANG_ENABLE_MODULES = YES;
				CLANG_ENABLE_OBJC_ARC = YES;
				CLANG_WARN_BOOL_CONVERSION = YES;
				CLANG_WARN_CONSTANT_CONVERSION = YES;
				CLANG_WARN_DIRECT_OBJC_ISA_USAGE = YES_ERROR;
				CLANG_WARN_DOCUMENTATION_COMMENTS = YES;
				CLANG_WARN_EMPTY_BODY = YES;
				CLANG_WARN_ENUM_CONVERSION = YES;
				CLANG_WARN_INFINITE_RECURSION = YES;
				CLANG_WARN_INT_CONVERSION = YES;
				CLANG_WARN_OBJC_ROOT_CLASS = YES_ERROR;
				CLANG_WARN_SUSPICIOUS_MOVE = YES;
				CLANG_WARN_UNREACHABLE_CODE = YES;
				CLANG_WARN__DUPLICATE_METHOD_MATCH = YES;
				"CODE_SIGN_IDENTITY[sdk=iphoneos*]" = "iPhone Developer";
				COPY_PHASE_STRIP = NO;
				DEBUG_INFORMATION_FORMAT = "dwarf-with-dsym";
				ENABLE_NS_ASSERTIONS = NO;
				ENABLE_STRICT_OBJC_MSGSEND = YES;
				GCC_C_LANGUAGE_STANDARD = gnu99;
				GCC_NO_COMMON_BLOCKS = YES;
				GCC_WARN_64_TO_32_BIT_CONVERSION = YES;
				GCC_WARN_ABOUT_RETURN_TYPE = YES_ERROR;
				GCC_WARN_UNDECLARED_SELECTOR = YES;
				GCC_WARN_UNINITIALIZED_AUTOS = YES_AGGRESSIVE;
				GCC_WARN_UNUSED_FUNCTION = YES;
				GCC_WARN_UNUSED_VARIABLE = YES;
				IPHONEOS_DEPLOYMENT_TARGET = 10.2;
				MTL_ENABLE_DEBUG_INFO = NO;
				SDKROOT = iphoneos;
				SWIFT_OPTIMIZATION_LEVEL = "-Owholemodule";
				TARGETED_DEVICE_FAMILY = "1,2";
				VALIDATE_PRODUCT = YES;
			};
			name = Release;
		};
		6B8E5F211E48CEFF00491A65 /* Debug */ = {
			isa = XCBuildConfiguration;
			baseConfigurationReference = 7866AE50CB8720D5A809B51D /* Pods-TextReader.debug.xcconfig */;
			buildSettings = {
				ASSETCATALOG_COMPILER_APPICON_NAME = AppIcon;
				ENABLE_BITCODE = NO;
				INFOPLIST_FILE = TextReader/Info.plist;
				LD_RUNPATH_SEARCH_PATHS = "$(inherited) @executable_path/Frameworks";
				PRODUCT_BUNDLE_IDENTIFIER = com.pensosoftware.TextReader;
				PRODUCT_NAME = "$(TARGET_NAME)";
				SWIFT_VERSION = 3.0;
			};
			name = Debug;
		};
		6B8E5F221E48CEFF00491A65 /* Release */ = {
			isa = XCBuildConfiguration;
			baseConfigurationReference = 584D56E32945620BB3FB5DC0 /* Pods-TextReader.release.xcconfig */;
			buildSettings = {
				ASSETCATALOG_COMPILER_APPICON_NAME = AppIcon;
				ENABLE_BITCODE = NO;
				INFOPLIST_FILE = TextReader/Info.plist;
				LD_RUNPATH_SEARCH_PATHS = "$(inherited) @executable_path/Frameworks";
				PRODUCT_BUNDLE_IDENTIFIER = com.pensosoftware.TextReader;
				PRODUCT_NAME = "$(TARGET_NAME)";
				SWIFT_VERSION = 3.0;
			};
			name = Release;
		};
/* End XCBuildConfiguration section */

/* Begin XCConfigurationList section */
		6B8E5F091E48CEFF00491A65 /* Build configuration list for PBXProject "TextReader" */ = {
			isa = XCConfigurationList;
			buildConfigurations = (
				6B8E5F1E1E48CEFF00491A65 /* Debug */,
				6B8E5F1F1E48CEFF00491A65 /* Release */,
			);
			defaultConfigurationIsVisible = 0;
			defaultConfigurationName = Release;
		};
		6B8E5F201E48CEFF00491A65 /* Build configuration list for PBXNativeTarget "TextReader" */ = {
			isa = XCConfigurationList;
			buildConfigurations = (
				6B8E5F211E48CEFF00491A65 /* Debug */,
				6B8E5F221E48CEFF00491A65 /* Release */,
			);
			defaultConfigurationIsVisible = 0;
			defaultConfigurationName = Release;
		};
/* End XCConfigurationList section */
	};
	rootObject = 6B8E5F061E48CEFF00491A65 /* Project object */;
}
